
Microsoft Visual Studio Solution File, Format Version 12.00
# Visual Studio 15
VisualStudioVersion = 15.0.28307.489
MinimumVisualStudioVersion = 10.0.40219.1
Project("{FAE04EC0-301F-11D3-BF4B-00C04F79EFBC}") = "PayrollEntity", "PayrollEntity\PayrollEntity.csproj", "{F1C461C6-66B6-41FC-A763-5DA3B8B42070}"
EndProject
Project("{FAE04EC0-301F-11D3-BF4B-00C04F79EFBC}") = "DatabasePannel", "DatabasePannel\DatabasePannel.csproj", "{1C4639DD-E366-49E8-87D8-F69D757353B0}"
EndProject
Global
	GlobalSection(SolutionConfigurationPlatforms) = preSolution
		Debug|Any CPU = Debug|Any CPU
		Release|Any CPU = Release|Any CPU
	EndGlobalSection
	GlobalSection(ProjectConfigurationPlatforms) = postSolution
		{F1C461C6-66B6-41FC-A763-5DA3B8B42070}.Debug|Any CPU.ActiveCfg = Debug|Any CPU
		{F1C461C6-66B6-41FC-A763-5DA3B8B42070}.Debug|Any CPU.Build.0 = Debug|Any CPU
		{F1C461C6-66B6-41FC-A763-5DA3B8B42070}.Release|Any CPU.ActiveCfg = Release|Any CPU
		{F1C461C6-66B6-41FC-A763-5DA3B8B42070}.Release|Any CPU.Build.0 = Release|Any CPU
		{1C4639DD-E366-49E8-87D8-F69D757353B0}.Debug|Any CPU.ActiveCfg = Debug|Any CPU
		{1C4639DD-E366-49E8-87D8-F69D757353B0}.Debug|Any CPU.Build.0 = Debug|Any CPU
		{1C4639DD-E366-49E8-87D8-F69D757353B0}.Release|Any CPU.ActiveCfg = Release|Any CPU
		{1C4639DD-E366-49E8-87D8-F69D757353B0}.Release|Any CPU.Build.0 = Release|Any CPU
	EndGlobalSection
	GlobalSection(SolutionProperties) = preSolution
		HideSolutionNode = FALSE
	EndGlobalSection
	GlobalSection(ExtensibilityGlobals) = postSolution
		SolutionGuid = {A72A2BF2-2F41-43AA-B79B-369DFF74E957}
	EndGlobalSection
EndGlobal
